
Microsoft Visual Studio Solution File, Format Version 12.00
# Visual Studio Version 17
VisualStudioVersion = 17.7.34202.233
MinimumVisualStudioVersion = 10.0.40219.1
Project("{FAE04EC0-301F-11D3-BF4B-00C04F79EFBC}") = "IdleGame", "IdleGame\IdleGame.csproj", "{9D0B47E0-C7FF-4E69-80F5-E27589DADA33}"
EndProject
Project("{9A19103F-16F7-4668-BE54-9A1E7A4F7556}") = "TestIdleGame", "TestIdleGame\TestIdleGame.csproj", "{5EC8697D-BB68-4BA8-AB5B-5D09A241478C}"
EndProject
Project("{FAE04EC0-301F-11D3-BF4B-00C04F79EFBC}") = "Example", "Example\Example.csproj", "{572D89DC-6B00-4EA9-BA03-810C73107DF5}"
EndProject
Global
	GlobalSection(SolutionConfigurationPlatforms) = preSolution
		Debug|Any CPU = Debug|Any CPU
		Release|Any CPU = Release|Any CPU
	EndGlobalSection
	GlobalSection(ProjectConfigurationPlatforms) = postSolution
		{9D0B47E0-C7FF-4E69-80F5-E27589DADA33}.Debug|Any CPU.ActiveCfg = Debug|Any CPU
		{9D0B47E0-C7FF-4E69-80F5-E27589DADA33}.Debug|Any CPU.Build.0 = Debug|Any CPU
		{9D0B47E0-C7FF-4E69-80F5-E27589DADA33}.Release|Any CPU.ActiveCfg = Release|Any CPU
		{9D0B47E0-C7FF-4E69-80F5-E27589DADA33}.Release|Any CPU.Build.0 = Release|Any CPU
		{5EC8697D-BB68-4BA8-AB5B-5D09A241478C}.Debug|Any CPU.ActiveCfg = Debug|Any CPU
		{5EC8697D-BB68-4BA8-AB5B-5D09A241478C}.Debug|Any CPU.Build.0 = Debug|Any CPU
		{5EC8697D-BB68-4BA8-AB5B-5D09A241478C}.Release|Any CPU.ActiveCfg = Release|Any CPU
		{5EC8697D-BB68-4BA8-AB5B-5D09A241478C}.Release|Any CPU.Build.0 = Release|Any CPU
		{572D89DC-6B00-4EA9-BA03-810C73107DF5}.Debug|Any CPU.ActiveCfg = Debug|Any CPU
		{572D89DC-6B00-4EA9-BA03-810C73107DF5}.Debug|Any CPU.Build.0 = Debug|Any CPU
		{572D89DC-6B00-4EA9-BA03-810C73107DF5}.Release|Any CPU.ActiveCfg = Release|Any CPU
		{572D89DC-6B00-4EA9-BA03-810C73107DF5}.Release|Any CPU.Build.0 = Release|Any CPU
	EndGlobalSection
	GlobalSection(SolutionProperties) = preSolution
		HideSolutionNode = FALSE
	EndGlobalSection
	GlobalSection(ExtensibilityGlobals) = postSolution
		SolutionGuid = {7B321780-8236-48D5-B5FA-3EECA217D99D}
	EndGlobalSection
EndGlobal
